
Microsoft Visual Studio Solution File, Format Version 12.00
# Visual Studio 14
VisualStudioVersion = 14.0.24720.0
MinimumVisualStudioVersion = 10.0.40219.1
Project("{FAE04EC0-301F-11D3-BF4B-00C04F79EFBC}") = "lab27", "lab27\lab27.csproj", "{E4870472-BD51-4760-97AF-A7EFE771F8CE}"
EndProject
Global
	GlobalSection(SolutionConfigurationPlatforms) = preSolution
		Debug|Any CPU = Debug|Any CPU
		Release|Any CPU = Release|Any CPU
	EndGlobalSection
	GlobalSection(ProjectConfigurationPlatforms) = postSolution
		{E4870472-BD51-4760-97AF-A7EFE771F8CE}.Debug|Any CPU.ActiveCfg = Debug|Any CPU
		{E4870472-BD51-4760-97AF-A7EFE771F8CE}.Debug|Any CPU.Build.0 = Debug|Any CPU
		{E4870472-BD51-4760-97AF-A7EFE771F8CE}.Release|Any CPU.ActiveCfg = Release|Any CPU
		{E4870472-BD51-4760-97AF-A7EFE771F8CE}.Release|Any CPU.Build.0 = Release|Any CPU
	EndGlobalSection
	GlobalSection(SolutionProperties) = preSolution
		HideSolutionNode = FALSE
	EndGlobalSection
EndGlobal
